
Microsoft Visual Studio Solution File, Format Version 12.00
# Visual Studio Version 17
VisualStudioVersion = 17.14.36603.0 d17.14
MinimumVisualStudioVersion = 10.0.40219.1
Project("{FAE04EC0-301F-11D3-BF4B-00C04F79EFBC}") = "ToshyroApp", "ToshyroApp\ToshyroApp.csproj", "{ABD00DA3-CE15-4D7F-9D1C-3248D35A8000}"
EndProject
Global
	GlobalSection(SolutionConfigurationPlatforms) = preSolution
		Debug|Any CPU = Debug|Any CPU
		Release|Any CPU = Release|Any CPU
	EndGlobalSection
	GlobalSection(ProjectConfigurationPlatforms) = postSolution
		{ABD00DA3-CE15-4D7F-9D1C-3248D35A8000}.Debug|Any CPU.ActiveCfg = Debug|Any CPU
		{ABD00DA3-CE15-4D7F-9D1C-3248D35A8000}.Debug|Any CPU.Build.0 = Debug|Any CPU
		{ABD00DA3-CE15-4D7F-9D1C-3248D35A8000}.Release|Any CPU.ActiveCfg = Release|Any CPU
		{ABD00DA3-CE15-4D7F-9D1C-3248D35A8000}.Release|Any CPU.Build.0 = Release|Any CPU
	EndGlobalSection
	GlobalSection(SolutionProperties) = preSolution
		HideSolutionNode = FALSE
	EndGlobalSection
	GlobalSection(ExtensibilityGlobals) = postSolution
		SolutionGuid = {2FFF5207-A99E-4C2B-9E1A-F0BD988ECA53}
	EndGlobalSection
EndGlobal
